
Microsoft Visual Studio Solution File, Format Version 12.00
# Visual Studio Version 16
VisualStudioVersion = 16.0.30114.105
MinimumVisualStudioVersion = 10.0.40219.1
Project("{FAE04EC0-301F-11D3-BF4B-00C04F79EFBC}") = "Example.ConcurrentPriorityQueue", "Example.ConcurrentPriorityQueue\Example.ConcurrentPriorityQueue.csproj", "{AC8F7E57-5E3A-4E75-8B1C-7BDD2BAAB95D}"
EndProject
Project("{FAE04EC0-301F-11D3-BF4B-00C04F79EFBC}") = "Example.ConcurrentPriorityQueueTests", "Example.ConcurrentPriorityQueueTests\Example.ConcurrentPriorityQueueTests.csproj", "{9A810A8D-285E-4756-8340-B10E9995A0F2}"
EndProject
Global
	GlobalSection(SolutionConfigurationPlatforms) = preSolution
		Debug|Any CPU = Debug|Any CPU
		Release|Any CPU = Release|Any CPU
	EndGlobalSection
	GlobalSection(SolutionProperties) = preSolution
		HideSolutionNode = FALSE
	EndGlobalSection
	GlobalSection(ProjectConfigurationPlatforms) = postSolution
		{AC8F7E57-5E3A-4E75-8B1C-7BDD2BAAB95D}.Debug|Any CPU.ActiveCfg = Debug|Any CPU
		{AC8F7E57-5E3A-4E75-8B1C-7BDD2BAAB95D}.Debug|Any CPU.Build.0 = Debug|Any CPU
		{AC8F7E57-5E3A-4E75-8B1C-7BDD2BAAB95D}.Release|Any CPU.ActiveCfg = Release|Any CPU
		{AC8F7E57-5E3A-4E75-8B1C-7BDD2BAAB95D}.Release|Any CPU.Build.0 = Release|Any CPU
		{9A810A8D-285E-4756-8340-B10E9995A0F2}.Debug|Any CPU.ActiveCfg = Debug|Any CPU
		{9A810A8D-285E-4756-8340-B10E9995A0F2}.Debug|Any CPU.Build.0 = Debug|Any CPU
		{9A810A8D-285E-4756-8340-B10E9995A0F2}.Release|Any CPU.ActiveCfg = Release|Any CPU
		{9A810A8D-285E-4756-8340-B10E9995A0F2}.Release|Any CPU.Build.0 = Release|Any CPU
	EndGlobalSection
EndGlobal
